
Microsoft Visual Studio Solution File, Format Version 12.00
# Visual Studio Version 17
VisualStudioVersion = 17.5.33502.453
MinimumVisualStudioVersion = 10.0.40219.1
Project("{2150E333-8FDC-42A3-9474-1A3956D46DE8}") = "Internal", "Internal", "{CB8D03AE-EEF9-4432-A6DF-B6D0308E2CB3}"
	ProjectSection(SolutionItems) = preProject
		Internal\.editorconfig = Internal\.editorconfig
	EndProjectSection
EndProject
Project("{2150E333-8FDC-42A3-9474-1A3956D46DE8}") = "Scripts", "Scripts", "{54C02C91-E067-450E-AD0E-B07795061F19}"
EndProject
Project("{2150E333-8FDC-42A3-9474-1A3956D46DE8}") = "Dlls", "Dlls", "{F50AF056-6518-453A-8A8C-EE3B5168EC48}"
	ProjectSection(SolutionItems) = preProject
		Dlls\ABOUT.md = Dlls\ABOUT.md
	EndProjectSection
EndProject
Project("{2150E333-8FDC-42A3-9474-1A3956D46DE8}") = "CompanionFiles", "CompanionFiles", "{D7979C1F-8996-46B6-9F77-CEC631629E0C}"
EndProject
Project("{2150E333-8FDC-42A3-9474-1A3956D46DE8}") = "Skyline DataMiner", "Skyline DataMiner", "{F22364CD-ABCF-4538-A0CE-5B0F87362121}"
	ProjectSection(SolutionItems) = preProject
		CompanionFiles\Skyline DataMiner\AboutThisFolder.md = CompanionFiles\Skyline DataMiner\AboutThisFolder.md
	EndProjectSection
EndProject
Project("{2150E333-8FDC-42A3-9474-1A3956D46DE8}") = "Documentation", "Documentation", "{6885333C-EA7C-422F-B85B-4F30BFAD4F86}"
	ProjectSection(SolutionItems) = preProject
		Documentation\ABOUT.md = Documentation\ABOUT.md
		README.md = README.md
	EndProjectSection
EndProject
Project("{2150E333-8FDC-42A3-9474-1A3956D46DE8}") = "Tests", "Tests", "{F8938D60-51A0-4880-9CFC-19C66379BB5D}"
EndProject
Project("{2150E333-8FDC-42A3-9474-1A3956D46DE8}") = "Code Analysis", "Code Analysis", "{3408C624-0966-4363-B927-C02C4D93C3CB}"
	ProjectSection(SolutionItems) = preProject
		Internal\Code Analysis\qaction-debug.ruleset = Internal\Code Analysis\qaction-debug.ruleset
		Internal\Code Analysis\qaction-release.ruleset = Internal\Code Analysis\qaction-release.ruleset
		Internal\Code Analysis\stylecop.json = Internal\Code Analysis\stylecop.json
	EndProjectSection
EndProject
Project("{2150E333-8FDC-42A3-9474-1A3956D46DE8}") = "AutomationScript", "AutomationScript", "{5B191D5B-920C-43F1-86D8-FA64B210553B}"
	ProjectSection(SolutionItems) = preProject
		AutomationScript.xml = AutomationScript.xml
	EndProjectSection
EndProject
Project("{2150E333-8FDC-42A3-9474-1A3956D46DE8}") = "Actions", "Actions", "{134FC15F-5254-4206-A7AA-564CFE0540AF}"
EndProject
Project("{9A19103F-16F7-4668-BE54-9A1E7A4F7556}") = "AutomationScript_1", "AutomationScript_1\AutomationScript_1.csproj", "{24DFF741-3CCC-4B83-A6DD-2489E454F865}"
EndProject
Global
	GlobalSection(SolutionConfigurationPlatforms) = preSolution
		Debug|Any CPU = Debug|Any CPU
		Release|Any CPU = Release|Any CPU
	EndGlobalSection
	GlobalSection(ProjectConfigurationPlatforms) = postSolution
		{24DFF741-3CCC-4B83-A6DD-2489E454F865}.Debug|Any CPU.ActiveCfg = Debug|Any CPU
		{24DFF741-3CCC-4B83-A6DD-2489E454F865}.Debug|Any CPU.Build.0 = Debug|Any CPU
		{24DFF741-3CCC-4B83-A6DD-2489E454F865}.Release|Any CPU.ActiveCfg = Release|Any CPU
		{24DFF741-3CCC-4B83-A6DD-2489E454F865}.Release|Any CPU.Build.0 = Release|Any CPU
	EndGlobalSection
	GlobalSection(SolutionProperties) = preSolution
		HideSolutionNode = FALSE
	EndGlobalSection
	GlobalSection(NestedProjects) = preSolution
		{F22364CD-ABCF-4538-A0CE-5B0F87362121} = {D7979C1F-8996-46B6-9F77-CEC631629E0C}
		{3408C624-0966-4363-B927-C02C4D93C3CB} = {CB8D03AE-EEF9-4432-A6DF-B6D0308E2CB3}
		{5B191D5B-920C-43F1-86D8-FA64B210553B} = {54C02C91-E067-450E-AD0E-B07795061F19}
		{134FC15F-5254-4206-A7AA-564CFE0540AF} = {5B191D5B-920C-43F1-86D8-FA64B210553B}
		{24DFF741-3CCC-4B83-A6DD-2489E454F865} = {134FC15F-5254-4206-A7AA-564CFE0540AF}
	EndGlobalSection
	GlobalSection(ExtensibilityGlobals) = postSolution
		SolutionGuid = {708256E2-3AA1-402C-8D33-CE390F748331}
	EndGlobalSection
EndGlobal
